
Microsoft Visual Studio Solution File, Format Version 12.00
# Visual Studio Version 16
VisualStudioVersion = 16.0.30413.136
MinimumVisualStudioVersion = 10.0.40219.1
Project("{9A19103F-16F7-4668-BE54-9A1E7A4F7556}") = "AcademiaMW", "src\AcademiaMW\AcademiaMW.csproj", "{BB306C49-DE4E-4F12-804A-0ED4F751EF0D}"
EndProject
Project("{FAE04EC0-301F-11D3-BF4B-00C04F79EFBC}") = "AcademiaMW.Business", "src\AcademiaMW.Business\AcademiaMW.Business.csproj", "{5BB68A4D-6BC7-400D-90D2-4495384AE9FA}"
EndProject
Project("{FAE04EC0-301F-11D3-BF4B-00C04F79EFBC}") = "AcademiaMW.Infra", "src\AcademiaMW.Infra\AcademiaMW.Infra.csproj", "{55FDFBEC-5500-4753-81E1-FF01AF45C918}"
EndProject
Project("{FAE04EC0-301F-11D3-BF4B-00C04F79EFBC}") = "AcademiaMW.Core", "src\AcademiaMW.Core\AcademiaMW.Core.csproj", "{E102892C-FAE5-48F5-A7AD-0A5FCF54A6E6}"
EndProject
Project("{FAE04EC0-301F-11D3-BF4B-00C04F79EFBC}") = "AcademiaMW.Tests", "tests\AcademiaMW.Tests\AcademiaMW.Tests.csproj", "{B161EE8C-56B4-48CB-9DEA-DBE818FBF1C0}"
EndProject
Global
	GlobalSection(SolutionConfigurationPlatforms) = preSolution
		Debug|Any CPU = Debug|Any CPU
		Release|Any CPU = Release|Any CPU
	EndGlobalSection
	GlobalSection(ProjectConfigurationPlatforms) = postSolution
		{BB306C49-DE4E-4F12-804A-0ED4F751EF0D}.Debug|Any CPU.ActiveCfg = Debug|Any CPU
		{BB306C49-DE4E-4F12-804A-0ED4F751EF0D}.Debug|Any CPU.Build.0 = Debug|Any CPU
		{BB306C49-DE4E-4F12-804A-0ED4F751EF0D}.Release|Any CPU.ActiveCfg = Release|Any CPU
		{BB306C49-DE4E-4F12-804A-0ED4F751EF0D}.Release|Any CPU.Build.0 = Release|Any CPU
		{5BB68A4D-6BC7-400D-90D2-4495384AE9FA}.Debug|Any CPU.ActiveCfg = Debug|Any CPU
		{5BB68A4D-6BC7-400D-90D2-4495384AE9FA}.Debug|Any CPU.Build.0 = Debug|Any CPU
		{5BB68A4D-6BC7-400D-90D2-4495384AE9FA}.Release|Any CPU.ActiveCfg = Release|Any CPU
		{5BB68A4D-6BC7-400D-90D2-4495384AE9FA}.Release|Any CPU.Build.0 = Release|Any CPU
		{55FDFBEC-5500-4753-81E1-FF01AF45C918}.Debug|Any CPU.ActiveCfg = Debug|Any CPU
		{55FDFBEC-5500-4753-81E1-FF01AF45C918}.Debug|Any CPU.Build.0 = Debug|Any CPU
		{55FDFBEC-5500-4753-81E1-FF01AF45C918}.Release|Any CPU.ActiveCfg = Release|Any CPU
		{55FDFBEC-5500-4753-81E1-FF01AF45C918}.Release|Any CPU.Build.0 = Release|Any CPU
		{E102892C-FAE5-48F5-A7AD-0A5FCF54A6E6}.Debug|Any CPU.ActiveCfg = Debug|Any CPU
		{E102892C-FAE5-48F5-A7AD-0A5FCF54A6E6}.Debug|Any CPU.Build.0 = Debug|Any CPU
		{E102892C-FAE5-48F5-A7AD-0A5FCF54A6E6}.Release|Any CPU.ActiveCfg = Release|Any CPU
		{E102892C-FAE5-48F5-A7AD-0A5FCF54A6E6}.Release|Any CPU.Build.0 = Release|Any CPU
		{B161EE8C-56B4-48CB-9DEA-DBE818FBF1C0}.Debug|Any CPU.ActiveCfg = Debug|Any CPU
		{B161EE8C-56B4-48CB-9DEA-DBE818FBF1C0}.Debug|Any CPU.Build.0 = Debug|Any CPU
		{B161EE8C-56B4-48CB-9DEA-DBE818FBF1C0}.Release|Any CPU.ActiveCfg = Release|Any CPU
		{B161EE8C-56B4-48CB-9DEA-DBE818FBF1C0}.Release|Any CPU.Build.0 = Release|Any CPU
	EndGlobalSection
	GlobalSection(SolutionProperties) = preSolution
		HideSolutionNode = FALSE
	EndGlobalSection
	GlobalSection(ExtensibilityGlobals) = postSolution
		SolutionGuid = {17720FBE-D31C-4478-9EDC-7726ADCEB407}
	EndGlobalSection
EndGlobal
